
Microsoft Visual Studio Solution File, Format Version 12.00
# Visual Studio Version 17
VisualStudioVersion = 17.6.33815.320
MinimumVisualStudioVersion = 10.0.40219.1
Project("{FAE04EC0-301F-11D3-BF4B-00C04F79EFBC}") = "MagivVilla_VillaApi", "MagivVilla_VillaApi\MagivVilla_VillaApi.csproj", "{51151095-86F5-4CEF-A376-C0E02626AC5C}"
EndProject
Global
	GlobalSection(SolutionConfigurationPlatforms) = preSolution
		Debug|Any CPU = Debug|Any CPU
		Release|Any CPU = Release|Any CPU
	EndGlobalSection
	GlobalSection(ProjectConfigurationPlatforms) = postSolution
		{51151095-86F5-4CEF-A376-C0E02626AC5C}.Debug|Any CPU.ActiveCfg = Debug|Any CPU
		{51151095-86F5-4CEF-A376-C0E02626AC5C}.Debug|Any CPU.Build.0 = Debug|Any CPU
		{51151095-86F5-4CEF-A376-C0E02626AC5C}.Release|Any CPU.ActiveCfg = Release|Any CPU
		{51151095-86F5-4CEF-A376-C0E02626AC5C}.Release|Any CPU.Build.0 = Release|Any CPU
	EndGlobalSection
	GlobalSection(SolutionProperties) = preSolution
		HideSolutionNode = FALSE
	EndGlobalSection
	GlobalSection(ExtensibilityGlobals) = postSolution
		SolutionGuid = {BF7339AB-EE05-419C-9C19-0C088067BA88}
	EndGlobalSection
EndGlobal
